
Microsoft Visual Studio Solution File, Format Version 12.00
# Visual Studio Version 16
VisualStudioVersion = 16.0.31129.286
MinimumVisualStudioVersion = 10.0.40219.1
Project("{FAE04EC0-301F-11D3-BF4B-00C04F79EFBC}") = "ПК_ГРАФИКА_ЛАБА1", "ПК_ГРАФИКА_ЛАБА1.csproj", "{FBED913F-1209-4D43-A154-DF3A0C0FA526}"
EndProject
Global
	GlobalSection(SolutionConfigurationPlatforms) = preSolution
		Debug|Any CPU = Debug|Any CPU
		Release|Any CPU = Release|Any CPU
	EndGlobalSection
	GlobalSection(ProjectConfigurationPlatforms) = postSolution
		{FBED913F-1209-4D43-A154-DF3A0C0FA526}.Debug|Any CPU.ActiveCfg = Debug|Any CPU
		{FBED913F-1209-4D43-A154-DF3A0C0FA526}.Debug|Any CPU.Build.0 = Debug|Any CPU
		{FBED913F-1209-4D43-A154-DF3A0C0FA526}.Release|Any CPU.ActiveCfg = Release|Any CPU
		{FBED913F-1209-4D43-A154-DF3A0C0FA526}.Release|Any CPU.Build.0 = Release|Any CPU
	EndGlobalSection
	GlobalSection(SolutionProperties) = preSolution
		HideSolutionNode = FALSE
	EndGlobalSection
	GlobalSection(ExtensibilityGlobals) = postSolution
		SolutionGuid = {064E8F9E-D229-4939-AB10-4FC13E5A574F}
	EndGlobalSection
EndGlobal
